
Microsoft Visual Studio Solution File, Format Version 12.00
# Visual Studio Version 17
VisualStudioVersion = 17.0.31903.59
MinimumVisualStudioVersion = 10.0.40219.1
Project("{2150E333-8FDC-42A3-9474-1A3956D46DE8}") = "src", "src", "{2F7CFBD1-40CA-485E-91C2-8CF53A885483}"
EndProject
Project("{FAE04EC0-301F-11D3-BF4B-00C04F79EFBC}") = "AuctionService", "src\AuctionService\AuctionService.csproj", "{7B1DD76E-FCAD-4110-A8DE-5076318E7FB1}"
EndProject
Project("{FAE04EC0-301F-11D3-BF4B-00C04F79EFBC}") = "SearchService", "src\searchservice\SearchService.csproj", "{F5E2A84B-C6D8-4E72-9B77-FA7B6DBE552A}"
EndProject
Global
	GlobalSection(SolutionConfigurationPlatforms) = preSolution
		Debug|Any CPU = Debug|Any CPU
		Release|Any CPU = Release|Any CPU
	EndGlobalSection
	GlobalSection(SolutionProperties) = preSolution
		HideSolutionNode = FALSE
	EndGlobalSection
	GlobalSection(ProjectConfigurationPlatforms) = postSolution
		{7B1DD76E-FCAD-4110-A8DE-5076318E7FB1}.Debug|Any CPU.ActiveCfg = Debug|Any CPU
		{7B1DD76E-FCAD-4110-A8DE-5076318E7FB1}.Debug|Any CPU.Build.0 = Debug|Any CPU
		{7B1DD76E-FCAD-4110-A8DE-5076318E7FB1}.Release|Any CPU.ActiveCfg = Release|Any CPU
		{7B1DD76E-FCAD-4110-A8DE-5076318E7FB1}.Release|Any CPU.Build.0 = Release|Any CPU
		{F5E2A84B-C6D8-4E72-9B77-FA7B6DBE552A}.Debug|Any CPU.ActiveCfg = Debug|Any CPU
		{F5E2A84B-C6D8-4E72-9B77-FA7B6DBE552A}.Debug|Any CPU.Build.0 = Debug|Any CPU
		{F5E2A84B-C6D8-4E72-9B77-FA7B6DBE552A}.Release|Any CPU.ActiveCfg = Release|Any CPU
		{F5E2A84B-C6D8-4E72-9B77-FA7B6DBE552A}.Release|Any CPU.Build.0 = Release|Any CPU
	EndGlobalSection
	GlobalSection(NestedProjects) = preSolution
		{7B1DD76E-FCAD-4110-A8DE-5076318E7FB1} = {2F7CFBD1-40CA-485E-91C2-8CF53A885483}
		{F5E2A84B-C6D8-4E72-9B77-FA7B6DBE552A} = {2F7CFBD1-40CA-485E-91C2-8CF53A885483}
	EndGlobalSection
EndGlobal
